
Microsoft Visual Studio Solution File, Format Version 12.00
# Visual Studio Version 17
VisualStudioVersion = 17.5.002.0
MinimumVisualStudioVersion = 10.0.40219.1
Project("{9A19103F-16F7-4668-BE54-9A1E7A4F7556}") = "DesafioFundamentos", "DesafioFundamentos.csproj", "{B4542477-1C54-4E78-A6F9-3D0DDE9E7E8C}"
EndProject
Global
	GlobalSection(SolutionConfigurationPlatforms) = preSolution
		Debug|Any CPU = Debug|Any CPU
		Release|Any CPU = Release|Any CPU
	EndGlobalSection
	GlobalSection(ProjectConfigurationPlatforms) = postSolution
		{B4542477-1C54-4E78-A6F9-3D0DDE9E7E8C}.Debug|Any CPU.ActiveCfg = Debug|Any CPU
		{B4542477-1C54-4E78-A6F9-3D0DDE9E7E8C}.Debug|Any CPU.Build.0 = Debug|Any CPU
		{B4542477-1C54-4E78-A6F9-3D0DDE9E7E8C}.Release|Any CPU.ActiveCfg = Release|Any CPU
		{B4542477-1C54-4E78-A6F9-3D0DDE9E7E8C}.Release|Any CPU.Build.0 = Release|Any CPU
	EndGlobalSection
	GlobalSection(SolutionProperties) = preSolution
		HideSolutionNode = FALSE
	EndGlobalSection
	GlobalSection(ExtensibilityGlobals) = postSolution
		SolutionGuid = {CCB86FA5-FC7C-407B-93DC-E48536815A66}
	EndGlobalSection
EndGlobal
